
Microsoft Visual Studio Solution File, Format Version 12.00
# Visual Studio Version 17
VisualStudioVersion = 17.8.34330.188
MinimumVisualStudioVersion = 10.0.40219.1
Project("{8BC9CEB8-8B4A-11D0-8D11-00A0C91BC942}") = "function_and_pointer", "First_function\First_function.vcxproj", "{54C592CE-A6E4-4910-B40C-E6F96AF6F27C}"
EndProject
Project("{8BC9CEB8-8B4A-11D0-8D11-00A0C91BC942}") = "Reference", "Pointer_and_reference\Pointer_and_reference.vcxproj", "{A30809A2-F665-49D8-BEE8-17AA6682997B}"
EndProject
Global
	GlobalSection(SolutionConfigurationPlatforms) = preSolution
		Debug|x64 = Debug|x64
		Debug|x86 = Debug|x86
		Release|x64 = Release|x64
		Release|x86 = Release|x86
	EndGlobalSection
	GlobalSection(ProjectConfigurationPlatforms) = postSolution
		{54C592CE-A6E4-4910-B40C-E6F96AF6F27C}.Debug|x64.ActiveCfg = Debug|x64
		{54C592CE-A6E4-4910-B40C-E6F96AF6F27C}.Debug|x64.Build.0 = Debug|x64
		{54C592CE-A6E4-4910-B40C-E6F96AF6F27C}.Debug|x86.ActiveCfg = Debug|Win32
		{54C592CE-A6E4-4910-B40C-E6F96AF6F27C}.Debug|x86.Build.0 = Debug|Win32
		{54C592CE-A6E4-4910-B40C-E6F96AF6F27C}.Release|x64.ActiveCfg = Release|x64
		{54C592CE-A6E4-4910-B40C-E6F96AF6F27C}.Release|x64.Build.0 = Release|x64
		{54C592CE-A6E4-4910-B40C-E6F96AF6F27C}.Release|x86.ActiveCfg = Release|Win32
		{54C592CE-A6E4-4910-B40C-E6F96AF6F27C}.Release|x86.Build.0 = Release|Win32
		{A30809A2-F665-49D8-BEE8-17AA6682997B}.Debug|x64.ActiveCfg = Debug|x64
		{A30809A2-F665-49D8-BEE8-17AA6682997B}.Debug|x64.Build.0 = Debug|x64
		{A30809A2-F665-49D8-BEE8-17AA6682997B}.Debug|x86.ActiveCfg = Debug|Win32
		{A30809A2-F665-49D8-BEE8-17AA6682997B}.Debug|x86.Build.0 = Debug|Win32
		{A30809A2-F665-49D8-BEE8-17AA6682997B}.Release|x64.ActiveCfg = Release|x64
		{A30809A2-F665-49D8-BEE8-17AA6682997B}.Release|x64.Build.0 = Release|x64
		{A30809A2-F665-49D8-BEE8-17AA6682997B}.Release|x86.ActiveCfg = Release|Win32
		{A30809A2-F665-49D8-BEE8-17AA6682997B}.Release|x86.Build.0 = Release|Win32
	EndGlobalSection
	GlobalSection(SolutionProperties) = preSolution
		HideSolutionNode = FALSE
	EndGlobalSection
	GlobalSection(ExtensibilityGlobals) = postSolution
		SolutionGuid = {2B32EB06-A461-4270-ACF6-14439CC15B1E}
	EndGlobalSection
EndGlobal
